
Microsoft Visual Studio Solution File, Format Version 12.00
# Visual Studio Version 17
VisualStudioVersion = 17.5.33530.505
MinimumVisualStudioVersion = 10.0.40219.1
Project("{FAE04EC0-301F-11D3-BF4B-00C04F79EFBC}") = "Proyecto", "Proyecto\Proyecto.csproj", "{2C444342-E9CB-4978-9F90-09F954A69965}"
EndProject
Global
	GlobalSection(SolutionConfigurationPlatforms) = preSolution
		Debug|Any CPU = Debug|Any CPU
		Release|Any CPU = Release|Any CPU
	EndGlobalSection
	GlobalSection(ProjectConfigurationPlatforms) = postSolution
		{2C444342-E9CB-4978-9F90-09F954A69965}.Debug|Any CPU.ActiveCfg = Debug|Any CPU
		{2C444342-E9CB-4978-9F90-09F954A69965}.Debug|Any CPU.Build.0 = Debug|Any CPU
		{2C444342-E9CB-4978-9F90-09F954A69965}.Release|Any CPU.ActiveCfg = Release|Any CPU
		{2C444342-E9CB-4978-9F90-09F954A69965}.Release|Any CPU.Build.0 = Release|Any CPU
	EndGlobalSection
	GlobalSection(SolutionProperties) = preSolution
		HideSolutionNode = FALSE
	EndGlobalSection
	GlobalSection(ExtensibilityGlobals) = postSolution
		SolutionGuid = {507BD2C1-028A-47EE-ACF4-57376C0170CA}
	EndGlobalSection
EndGlobal
